# This file was autogenerated by uv via the following command:
#    uv export --project . --extra dev --no-hashes --output-file requirements-dev.lock
-e .
alembic==1.19.1
    # via company-app-api
annotated-doc==0.0.5
    # via fastapi
annotated-types==0.8.0
    # via pydantic
anyio==4.14.2
    # via
    #   httpx2
    #   starlette
    #   watchfiles
boolean-py==5.0
    # via license-expression
cachecontrol==0.14.4
    # via pip-audit
certifi==2026.7.22
    # via requests
charset-normalizer==3.4.9
    # via requests
click==8.4.2
    # via uvicorn
colorama==0.4.6 ; sys_platform == 'win32'
    # via
    #   click
    #   pytest
coverage==7.15.4
    # via pytest-cov
cyclonedx-python-lib==11.11.1
    # via pip-audit
defusedxml==0.7.1
    # via py-serializable
fastapi==0.141.1
    # via company-app-api
filelock==3.32.2
    # via cachecontrol
greenlet==3.5.5 ; platform_machine == 'AMD64' or platform_machine == 'WIN32' or platform_machine == 'aarch64' or platform_machine == 'amd64' or platform_machine == 'ppc64le' or platform_machine == 'win32' or platform_machine == 'x86_64'
    # via sqlalchemy
h11==0.16.0
    # via
    #   httpcore2
    #   uvicorn
httpcore2==2.10.0 ; sys_platform != 'emscripten'
    # via httpx2
httptools==0.8.0
    # via uvicorn
httpx2==2.10.0
    # via company-app-api
httpx2-jsfetch==1.0 ; python_full_version >= '3.12' and sys_platform == 'emscripten'
    # via httpx2
idna==3.18
    # via
    #   anyio
    #   httpx2
    #   requests
iniconfig==2.3.0
    # via pytest
librt==0.15.0 ; platform_python_implementation != 'PyPy'
    # via mypy
license-expression==30.4.4
    # via cyclonedx-python-lib
mako==1.4.1
    # via alembic
markdown-it-py==4.2.0
    # via rich
markupsafe==3.0.3
    # via mako
mdurl==0.1.2
    # via markdown-it-py
msgpack==1.2.1
    # via cachecontrol
mypy==1.20.2
    # via company-app-api
mypy-extensions==1.1.0
    # via mypy
packageurl-python==0.17.6
    # via cyclonedx-python-lib
packaging==26.3
    # via
    #   pip-audit
    #   pip-requirements-parser
    #   pytest
pathspec==1.1.1
    # via mypy
pip==26.2.1
    # via pip-api
pip-api==0.0.34
    # via pip-audit
pip-audit==2.10.1
    # via company-app-api
pip-requirements-parser==32.0.1
    # via pip-audit
platformdirs==4.11.1
    # via pip-audit
pluggy==1.6.0
    # via
    #   pytest
    #   pytest-cov
py-serializable==2.1.0
    # via cyclonedx-python-lib
pydantic==2.13.4
    # via
    #   fastapi
    #   pydantic-settings
pydantic-core==2.46.4
    # via pydantic
pydantic-settings==2.15.0
    # via company-app-api
pygments==2.20.0
    # via
    #   pytest
    #   rich
pyparsing==3.3.2
    # via pip-requirements-parser
pytest==8.4.2
    # via
    #   company-app-api
    #   pytest-cov
pytest-cov==6.3.0
    # via company-app-api
python-dotenv==1.2.2
    # via
    #   pydantic-settings
    #   uvicorn
pyyaml==6.0.3
    # via uvicorn
requests==2.34.2
    # via
    #   cachecontrol
    #   pip-audit
rich==15.0.0
    # via pip-audit
ruff==0.16.2
    # via company-app-api
sortedcontainers==2.4.0
    # via cyclonedx-python-lib
sqlalchemy==2.0.51
    # via
    #   alembic
    #   company-app-api
starlette==1.6.0
    # via fastapi
tomli==2.4.1
    # via
    #   coverage
    #   pip-audit
tomli-w==1.2.0
    # via pip-audit
truststore==0.10.4 ; sys_platform != 'emscripten'
    # via
    #   httpcore2
    #   httpx2
typing-extensions==4.16.0
    # via
    #   alembic
    #   anyio
    #   cyclonedx-python-lib
    #   fastapi
    #   httpx2
    #   mypy
    #   pydantic
    #   pydantic-core
    #   sqlalchemy
    #   starlette
    #   typing-inspection
typing-inspection==0.4.3
    # via
    #   fastapi
    #   pydantic
    #   pydantic-settings
urllib3==2.7.0
    # via requests
uvicorn==0.52.1
    # via company-app-api
uvloop==0.22.1 ; platform_python_implementation != 'PyPy' and sys_platform != 'cygwin' and sys_platform != 'win32'
    # via uvicorn
watchfiles==1.2.0
    # via uvicorn
websockets==17.0.1
    # via uvicorn
